
Microsoft Visual Studio Solution File, Format Version 12.00
# Visual Studio Version 16
VisualStudioVersion = 16.0.33328.57
MinimumVisualStudioVersion = 10.0.40219.1
Project("{FAE04EC0-301F-11D3-BF4B-00C04F79EFBC}") = "BunDau", "BunDau\BunDau.csproj", "{AAD3EECD-7B85-4446-9FA0-C728ED63F2E3}"
EndProject
Global
	GlobalSection(SolutionConfigurationPlatforms) = preSolution
		Debug|Any CPU = Debug|Any CPU
		Release|Any CPU = Release|Any CPU
	EndGlobalSection
	GlobalSection(ProjectConfigurationPlatforms) = postSolution
		{AAD3EECD-7B85-4446-9FA0-C728ED63F2E3}.Debug|Any CPU.ActiveCfg = Debug|Any CPU
		{AAD3EECD-7B85-4446-9FA0-C728ED63F2E3}.Debug|Any CPU.Build.0 = Debug|Any CPU
		{AAD3EECD-7B85-4446-9FA0-C728ED63F2E3}.Release|Any CPU.ActiveCfg = Release|Any CPU
		{AAD3EECD-7B85-4446-9FA0-C728ED63F2E3}.Release|Any CPU.Build.0 = Release|Any CPU
	EndGlobalSection
	GlobalSection(SolutionProperties) = preSolution
		HideSolutionNode = FALSE
	EndGlobalSection
	GlobalSection(ExtensibilityGlobals) = postSolution
		SolutionGuid = {A76D06B1-0528-43DE-93B6-5D3C0E28B43A}
	EndGlobalSection
EndGlobal
